
Microsoft Visual Studio Solution File, Format Version 12.00
# Visual Studio 15
VisualStudioVersion = 15.0.27004.2005
MinimumVisualStudioVersion = 10.0.40219.1
Project("{FAE04EC0-301F-11D3-BF4B-00C04F79EFBC}") = "DragonBallTCG", "DragonBallTCG\DragonBallTCG.csproj", "{4A989685-C5FA-4AC2-AFF3-661C07B6578D}"
EndProject
Global
	GlobalSection(SolutionConfigurationPlatforms) = preSolution
		Debug|Any CPU = Debug|Any CPU
		Release|Any CPU = Release|Any CPU
	EndGlobalSection
	GlobalSection(ProjectConfigurationPlatforms) = postSolution
		{4A989685-C5FA-4AC2-AFF3-661C07B6578D}.Debug|Any CPU.ActiveCfg = Debug|Any CPU
		{4A989685-C5FA-4AC2-AFF3-661C07B6578D}.Debug|Any CPU.Build.0 = Debug|Any CPU
		{4A989685-C5FA-4AC2-AFF3-661C07B6578D}.Release|Any CPU.ActiveCfg = Release|Any CPU
		{4A989685-C5FA-4AC2-AFF3-661C07B6578D}.Release|Any CPU.Build.0 = Release|Any CPU
	EndGlobalSection
	GlobalSection(SolutionProperties) = preSolution
		HideSolutionNode = FALSE
	EndGlobalSection
	GlobalSection(ExtensibilityGlobals) = postSolution
		SolutionGuid = {D7B1C4D8-87AF-44CE-86A0-DC2E4A27E04F}
	EndGlobalSection
EndGlobal
